
Microsoft Visual Studio Solution File, Format Version 12.00
# Visual Studio Version 17
VisualStudioVersion = 17.6.33815.320
MinimumVisualStudioVersion = 10.0.40219.1
Project("{9A19103F-16F7-4668-BE54-9A1E7A4F7556}") = "UnitOfWorkRepositoryPatternProject", "UnitOfWorkRepositoryPatternProject\UnitOfWorkRepositoryPatternProject.csproj", "{12CA31FB-FD5F-414A-9A21-AC2E14D0B5A3}"
EndProject
Project("{FAE04EC0-301F-11D3-BF4B-00C04F79EFBC}") = "UnitOfWorkRepositoryPatternProject.Core", "UnitOfWorkRepositoryPatternProject.Core\UnitOfWorkRepositoryPatternProject.Core.csproj", "{F08F5A58-8A13-4DF0-80A5-8BC162B03057}"
EndProject
Project("{FAE04EC0-301F-11D3-BF4B-00C04F79EFBC}") = "UnitOfWorkRepositoryPatternProject.Infrastructure", "UnitOfWorkRepositoryPatternProject.Infrastructure\UnitOfWorkRepositoryPatternProject.Infrastructure.csproj", "{90571AF9-1FB9-4966-92F7-3D624C48006C}"
EndProject
Project("{FAE04EC0-301F-11D3-BF4B-00C04F79EFBC}") = "UnitOfWorkRepositoryPatternProject.Service", "UnitOfWorkRepositoryPatternProject.Service\UnitOfWorkRepositoryPatternProject.Service.csproj", "{8EC16852-1A24-4796-B752-C00B8192D0E4}"
EndProject
Project("{FAE04EC0-301F-11D3-BF4B-00C04F79EFBC}") = "UnitOfWorkRepositoryPatternProject.Test", "UnitOfWorkRepositoryPatternProject.Test\UnitOfWorkRepositoryPatternProject.Test.csproj", "{062734B9-4598-415E-AB5A-91F58FB9B159}"
EndProject
Global
	GlobalSection(SolutionConfigurationPlatforms) = preSolution
		Debug|Any CPU = Debug|Any CPU
		Release|Any CPU = Release|Any CPU
	EndGlobalSection
	GlobalSection(ProjectConfigurationPlatforms) = postSolution
		{12CA31FB-FD5F-414A-9A21-AC2E14D0B5A3}.Debug|Any CPU.ActiveCfg = Debug|Any CPU
		{12CA31FB-FD5F-414A-9A21-AC2E14D0B5A3}.Debug|Any CPU.Build.0 = Debug|Any CPU
		{12CA31FB-FD5F-414A-9A21-AC2E14D0B5A3}.Release|Any CPU.ActiveCfg = Release|Any CPU
		{12CA31FB-FD5F-414A-9A21-AC2E14D0B5A3}.Release|Any CPU.Build.0 = Release|Any CPU
		{F08F5A58-8A13-4DF0-80A5-8BC162B03057}.Debug|Any CPU.ActiveCfg = Debug|Any CPU
		{F08F5A58-8A13-4DF0-80A5-8BC162B03057}.Debug|Any CPU.Build.0 = Debug|Any CPU
		{F08F5A58-8A13-4DF0-80A5-8BC162B03057}.Release|Any CPU.ActiveCfg = Release|Any CPU
		{F08F5A58-8A13-4DF0-80A5-8BC162B03057}.Release|Any CPU.Build.0 = Release|Any CPU
		{90571AF9-1FB9-4966-92F7-3D624C48006C}.Debug|Any CPU.ActiveCfg = Debug|Any CPU
		{90571AF9-1FB9-4966-92F7-3D624C48006C}.Debug|Any CPU.Build.0 = Debug|Any CPU
		{90571AF9-1FB9-4966-92F7-3D624C48006C}.Release|Any CPU.ActiveCfg = Release|Any CPU
		{90571AF9-1FB9-4966-92F7-3D624C48006C}.Release|Any CPU.Build.0 = Release|Any CPU
		{8EC16852-1A24-4796-B752-C00B8192D0E4}.Debug|Any CPU.ActiveCfg = Debug|Any CPU
		{8EC16852-1A24-4796-B752-C00B8192D0E4}.Debug|Any CPU.Build.0 = Debug|Any CPU
		{8EC16852-1A24-4796-B752-C00B8192D0E4}.Release|Any CPU.ActiveCfg = Release|Any CPU
		{8EC16852-1A24-4796-B752-C00B8192D0E4}.Release|Any CPU.Build.0 = Release|Any CPU
		{062734B9-4598-415E-AB5A-91F58FB9B159}.Debug|Any CPU.ActiveCfg = Debug|Any CPU
		{062734B9-4598-415E-AB5A-91F58FB9B159}.Debug|Any CPU.Build.0 = Debug|Any CPU
		{062734B9-4598-415E-AB5A-91F58FB9B159}.Release|Any CPU.ActiveCfg = Release|Any CPU
		{062734B9-4598-415E-AB5A-91F58FB9B159}.Release|Any CPU.Build.0 = Release|Any CPU
	EndGlobalSection
	GlobalSection(SolutionProperties) = preSolution
		HideSolutionNode = FALSE
	EndGlobalSection
	GlobalSection(ExtensibilityGlobals) = postSolution
		SolutionGuid = {5E5F7B62-B2C6-4184-AF89-563165AB0999}
	EndGlobalSection
EndGlobal
