
Microsoft Visual Studio Solution File, Format Version 12.00
# Visual Studio Version 17
VisualStudioVersion = 17.6.33815.320
MinimumVisualStudioVersion = 10.0.40219.1
Project("{FAE04EC0-301F-11D3-BF4B-00C04F79EFBC}") = "UnitOfWorkRepositoryPatternProject", "UnitOfWorkRepositoryPatternProject\UnitOfWorkRepositoryPatternProject.csproj", "{12CA31FB-FD5F-414A-9A21-AC2E14D0B5A3}"
EndProject
Global
	GlobalSection(SolutionConfigurationPlatforms) = preSolution
		Debug|Any CPU = Debug|Any CPU
		Release|Any CPU = Release|Any CPU
	EndGlobalSection
	GlobalSection(ProjectConfigurationPlatforms) = postSolution
		{12CA31FB-FD5F-414A-9A21-AC2E14D0B5A3}.Debug|Any CPU.ActiveCfg = Debug|Any CPU
		{12CA31FB-FD5F-414A-9A21-AC2E14D0B5A3}.Debug|Any CPU.Build.0 = Debug|Any CPU
		{12CA31FB-FD5F-414A-9A21-AC2E14D0B5A3}.Release|Any CPU.ActiveCfg = Release|Any CPU
		{12CA31FB-FD5F-414A-9A21-AC2E14D0B5A3}.Release|Any CPU.Build.0 = Release|Any CPU
	EndGlobalSection
	GlobalSection(SolutionProperties) = preSolution
		HideSolutionNode = FALSE
	EndGlobalSection
	GlobalSection(ExtensibilityGlobals) = postSolution
		SolutionGuid = {5E5F7B62-B2C6-4184-AF89-563165AB0999}
	EndGlobalSection
EndGlobal
